
Microsoft Visual Studio Solution File, Format Version 12.00
# Visual Studio Version 16
VisualStudioVersion = 16.6.30114.105
MinimumVisualStudioVersion = 10.0.40219.1
Project("{2150E333-8FDC-42A3-9474-1A3956D46DE8}") = "domain", "domain", "{D66BA05D-569F-4E97-B5F9-B572DBCEB330}"
EndProject
Project("{FAE04EC0-301F-11D3-BF4B-00C04F79EFBC}") = "Book-store", "domain\Book-store\Book-store.csproj", "{58DB206F-71E1-4A15-8E67-D22F0A42C8F0}"
EndProject
Global
	GlobalSection(SolutionConfigurationPlatforms) = preSolution
		Debug|Any CPU = Debug|Any CPU
		Debug|x64 = Debug|x64
		Debug|x86 = Debug|x86
		Release|Any CPU = Release|Any CPU
		Release|x64 = Release|x64
		Release|x86 = Release|x86
	EndGlobalSection
	GlobalSection(SolutionProperties) = preSolution
		HideSolutionNode = FALSE
	EndGlobalSection
	GlobalSection(ProjectConfigurationPlatforms) = postSolution
		{58DB206F-71E1-4A15-8E67-D22F0A42C8F0}.Debug|Any CPU.ActiveCfg = Debug|Any CPU
		{58DB206F-71E1-4A15-8E67-D22F0A42C8F0}.Debug|Any CPU.Build.0 = Debug|Any CPU
		{58DB206F-71E1-4A15-8E67-D22F0A42C8F0}.Debug|x64.ActiveCfg = Debug|Any CPU
		{58DB206F-71E1-4A15-8E67-D22F0A42C8F0}.Debug|x64.Build.0 = Debug|Any CPU
		{58DB206F-71E1-4A15-8E67-D22F0A42C8F0}.Debug|x86.ActiveCfg = Debug|Any CPU
		{58DB206F-71E1-4A15-8E67-D22F0A42C8F0}.Debug|x86.Build.0 = Debug|Any CPU
		{58DB206F-71E1-4A15-8E67-D22F0A42C8F0}.Release|Any CPU.ActiveCfg = Release|Any CPU
		{58DB206F-71E1-4A15-8E67-D22F0A42C8F0}.Release|Any CPU.Build.0 = Release|Any CPU
		{58DB206F-71E1-4A15-8E67-D22F0A42C8F0}.Release|x64.ActiveCfg = Release|Any CPU
		{58DB206F-71E1-4A15-8E67-D22F0A42C8F0}.Release|x64.Build.0 = Release|Any CPU
		{58DB206F-71E1-4A15-8E67-D22F0A42C8F0}.Release|x86.ActiveCfg = Release|Any CPU
		{58DB206F-71E1-4A15-8E67-D22F0A42C8F0}.Release|x86.Build.0 = Release|Any CPU
	EndGlobalSection
	GlobalSection(NestedProjects) = preSolution
		{58DB206F-71E1-4A15-8E67-D22F0A42C8F0} = {D66BA05D-569F-4E97-B5F9-B572DBCEB330}
	EndGlobalSection
EndGlobal
